
Microsoft Visual Studio Solution File, Format Version 12.00
# Visual Studio Version 16
VisualStudioVersion = 16.0.30621.155
MinimumVisualStudioVersion = 10.0.40219.1
Project("{9A19103F-16F7-4668-BE54-9A1E7A4F7556}") = "SelfHost", "SelfHost\SelfHost.csproj", "{87D600AA-C2B0-4538-8C63-4A318607FBA2}"
EndProject
Project("{9A19103F-16F7-4668-BE54-9A1E7A4F7556}") = "SelfHost.Domain", "SelfHost.Domain\SelfHost.Domain.csproj", "{3816322E-DF93-46DE-B991-E986E3589F2E}"
EndProject
Project("{9A19103F-16F7-4668-BE54-9A1E7A4F7556}") = "SelfHost.Infrastructure", "SelfHost.Infrastructure\SelfHost.Infrastructure.csproj", "{992D66F9-E260-4050-8BAE-FFACF5F4E5E5}"
EndProject
Project("{FAE04EC0-301F-11D3-BF4B-00C04F79EFBC}") = "SelfHost.DataAccess", "SelfHost.DataAccess\SelfHost.DataAccess.csproj", "{9C0A33C5-6F32-4B86-B256-8CC5666DCE0E}"
EndProject
Global
	GlobalSection(SolutionConfigurationPlatforms) = preSolution
		Debug|Any CPU = Debug|Any CPU
		Release|Any CPU = Release|Any CPU
	EndGlobalSection
	GlobalSection(ProjectConfigurationPlatforms) = postSolution
		{87D600AA-C2B0-4538-8C63-4A318607FBA2}.Debug|Any CPU.ActiveCfg = Debug|Any CPU
		{87D600AA-C2B0-4538-8C63-4A318607FBA2}.Debug|Any CPU.Build.0 = Debug|Any CPU
		{87D600AA-C2B0-4538-8C63-4A318607FBA2}.Release|Any CPU.ActiveCfg = Release|Any CPU
		{87D600AA-C2B0-4538-8C63-4A318607FBA2}.Release|Any CPU.Build.0 = Release|Any CPU
		{3816322E-DF93-46DE-B991-E986E3589F2E}.Debug|Any CPU.ActiveCfg = Debug|Any CPU
		{3816322E-DF93-46DE-B991-E986E3589F2E}.Debug|Any CPU.Build.0 = Debug|Any CPU
		{3816322E-DF93-46DE-B991-E986E3589F2E}.Release|Any CPU.ActiveCfg = Release|Any CPU
		{3816322E-DF93-46DE-B991-E986E3589F2E}.Release|Any CPU.Build.0 = Release|Any CPU
		{992D66F9-E260-4050-8BAE-FFACF5F4E5E5}.Debug|Any CPU.ActiveCfg = Debug|Any CPU
		{992D66F9-E260-4050-8BAE-FFACF5F4E5E5}.Debug|Any CPU.Build.0 = Debug|Any CPU
		{992D66F9-E260-4050-8BAE-FFACF5F4E5E5}.Release|Any CPU.ActiveCfg = Release|Any CPU
		{992D66F9-E260-4050-8BAE-FFACF5F4E5E5}.Release|Any CPU.Build.0 = Release|Any CPU
		{9C0A33C5-6F32-4B86-B256-8CC5666DCE0E}.Debug|Any CPU.ActiveCfg = Debug|Any CPU
		{9C0A33C5-6F32-4B86-B256-8CC5666DCE0E}.Debug|Any CPU.Build.0 = Debug|Any CPU
		{9C0A33C5-6F32-4B86-B256-8CC5666DCE0E}.Release|Any CPU.ActiveCfg = Release|Any CPU
		{9C0A33C5-6F32-4B86-B256-8CC5666DCE0E}.Release|Any CPU.Build.0 = Release|Any CPU
	EndGlobalSection
	GlobalSection(SolutionProperties) = preSolution
		HideSolutionNode = FALSE
	EndGlobalSection
	GlobalSection(ExtensibilityGlobals) = postSolution
		SolutionGuid = {6699C352-8CC2-4CD2-B859-8447E7221379}
	EndGlobalSection
EndGlobal
